
Microsoft Visual Studio Solution File, Format Version 12.00
# Visual Studio Version 17
VisualStudioVersion = 17.3.32901.215
MinimumVisualStudioVersion = 10.0.40219.1
Project("{FAE04EC0-301F-11D3-BF4B-00C04F79EFBC}") = "csharp-biblioteca", "csharp-biblioteca.csproj", "{4E67252C-CE7E-429B-8F77-89038EF8E40D}"
EndProject
Global
	GlobalSection(SolutionConfigurationPlatforms) = preSolution
		Debug|Any CPU = Debug|Any CPU
		Release|Any CPU = Release|Any CPU
	EndGlobalSection
	GlobalSection(ProjectConfigurationPlatforms) = postSolution
		{4E67252C-CE7E-429B-8F77-89038EF8E40D}.Debug|Any CPU.ActiveCfg = Debug|Any CPU
		{4E67252C-CE7E-429B-8F77-89038EF8E40D}.Debug|Any CPU.Build.0 = Debug|Any CPU
		{4E67252C-CE7E-429B-8F77-89038EF8E40D}.Release|Any CPU.ActiveCfg = Release|Any CPU
		{4E67252C-CE7E-429B-8F77-89038EF8E40D}.Release|Any CPU.Build.0 = Release|Any CPU
	EndGlobalSection
	GlobalSection(SolutionProperties) = preSolution
		HideSolutionNode = FALSE
	EndGlobalSection
	GlobalSection(ExtensibilityGlobals) = postSolution
		SolutionGuid = {2E90617D-449C-4B61-A513-2D9966150A24}
	EndGlobalSection
EndGlobal
